<?xml version="1.0" encoding="utf-8"?>
<Project ToolsVersion="4.0" xmlns="http://schemas.microsoft.com/developer/msbuild/2003">
  <ItemGroup>
    <ClCompile Include="UnitTest.cpp" />
    <ClCompile Include="main.cpp" />
    <ClCompile Include="MicroEngine.cpp">
      <Filter>MicroEngine</Filter>
    </ClCompile>
    <ClCompile Include="MicroRender.cpp">
      <Filter>MicroEngine</Filter>
    </ClCompile>
    <ClCompile Include="MicroGraphics.cpp">
      <Filter>MicroEngine</Filter>
    </ClCompile>
    <ClCompile Include="MicroAdvance.cpp">
      <Filter>MicroEngine</Filter>
    </ClCompile>
    <ClCompile Include="MicroOpenGLLoader.cpp">
      <Filter>MicroEngine\utils</Filter>
    </ClCompile>
    <ClCompile Include="temp\SHMath\DirectXSH.cpp">
      <Filter>MicroEngine\temp\SHMath</Filter>
    </ClCompile>
    <ClCompile Include="temp\Stereo3D\Stereo3DMatrixHelper.cpp">
      <Filter>MicroEngine\temp\Stereo3D</Filter>
    </ClCompile>
    <ClCompile Include="temp.cpp">
      <Filter>MicroEngine\temp</Filter>
    </ClCompile>
  </ItemGroup>
  <ItemGroup>
    <ClInclude Include="AppConfig.h" />
    <ClInclude Include="MicroMath.h">
      <Filter>MicroEngine</Filter>
    </ClInclude>
    <ClInclude Include="MicroEngine.h">
      <Filter>MicroEngine</Filter>
    </ClInclude>
    <ClInclude Include="MicroGeometry.h">
      <Filter>MicroEngine</Filter>
    </ClInclude>
    <ClInclude Include="MicroRender.h">
      <Filter>MicroEngine</Filter>
    </ClInclude>
    <ClInclude Include="MicroGraphics.h">
      <Filter>MicroEngine</Filter>
    </ClInclude>
    <ClInclude Include="01_Triangle.h">
      <Filter>ExampleDemo</Filter>
    </ClInclude>
    <ClInclude Include="X_CurrentTest.h">
      <Filter>ExampleDemo</Filter>
    </ClInclude>
    <ClInclude Include="MicroAdvance.h">
      <Filter>MicroEngine</Filter>
    </ClInclude>
    <ClInclude Include="MicroOpenGLLoader.h">
      <Filter>MicroEngine\utils</Filter>
    </ClInclude>
    <ClInclude Include="02_QuadTexture.h">
      <Filter>ExampleDemo</Filter>
    </ClInclude>
    <ClInclude Include="03_ObjModel.h">
      <Filter>ExampleDemo</Filter>
    </ClInclude>
    <ClInclude Include="ExampleDemo.h" />
    <ClInclude Include="X_Debug.h">
      <Filter>ExampleDemo</Filter>
    </ClInclude>
    <ClInclude Include="temp\DirectXColors.h">
      <Filter>MicroEngine\temp</Filter>
    </ClInclude>
    <ClInclude Include="temp\DirectXMath.h">
      <Filter>MicroEngine\temp</Filter>
    </ClInclude>
    <ClInclude Include="temp\DirectXPackedVector.h">
      <Filter>MicroEngine\temp</Filter>
    </ClInclude>
    <ClInclude Include="temp\DirectXCollision.h">
      <Filter>MicroEngine\temp</Filter>
    </ClInclude>
    <ClInclude Include="temp\Extensions\DirectXMathAVX.h">
      <Filter>MicroEngine\temp\Extensions</Filter>
    </ClInclude>
    <ClInclude Include="temp\Extensions\DirectXMathAVX2.h">
      <Filter>MicroEngine\temp\Extensions</Filter>
    </ClInclude>
    <ClInclude Include="temp\Extensions\DirectXMathBE.h">
      <Filter>MicroEngine\temp\Extensions</Filter>
    </ClInclude>
    <ClInclude Include="temp\Extensions\DirectXMathF16C.h">
      <Filter>MicroEngine\temp\Extensions</Filter>
    </ClInclude>
    <ClInclude Include="temp\Extensions\DirectXMathFMA3.h">
      <Filter>MicroEngine\temp\Extensions</Filter>
    </ClInclude>
    <ClInclude Include="temp\Extensions\DirectXMathFMA4.h">
      <Filter>MicroEngine\temp\Extensions</Filter>
    </ClInclude>
    <ClInclude Include="temp\Extensions\DirectXMathSSE3.h">
      <Filter>MicroEngine\temp\Extensions</Filter>
    </ClInclude>
    <ClInclude Include="temp\Extensions\DirectXMathSSE4.h">
      <Filter>MicroEngine\temp\Extensions</Filter>
    </ClInclude>
    <ClInclude Include="temp\MatrixStack\DirectXMatrixStack.h">
      <Filter>MicroEngine\temp\MatrixStack</Filter>
    </ClInclude>
    <ClInclude Include="temp\SHMath\DirectXSH.h">
      <Filter>MicroEngine\temp\SHMath</Filter>
    </ClInclude>
    <ClInclude Include="temp\Stereo3D\Stereo3DMatrixHelper.h">
      <Filter>MicroEngine\temp\Stereo3D</Filter>
    </ClInclude>
    <ClInclude Include="temp\XDSP\XDSP.h">
      <Filter>MicroEngine\temp\XDSP</Filter>
    </ClInclude>
  </ItemGroup>
  <ItemGroup>
    <Filter Include="3rdparty">
      <UniqueIdentifier>{df6fd6b1-03ed-4614-be39-f966c02ca7a4}</UniqueIdentifier>
    </Filter>
    <Filter Include="ref">
      <UniqueIdentifier>{bd6a467c-0928-46e6-8e4e-0fa4c2c74f83}</UniqueIdentifier>
    </Filter>
    <Filter Include="MicroEngine">
      <UniqueIdentifier>{7cd59890-c8f1-46ea-8abd-1e57b7ac044f}</UniqueIdentifier>
    </Filter>
    <Filter Include="ExampleDemo">
      <UniqueIdentifier>{a8b61894-ccce-4f6c-8eb7-40ea413e9b12}</UniqueIdentifier>
    </Filter>
    <Filter Include="MicroEngine\utils">
      <UniqueIdentifier>{f9feb1f4-25b5-4689-a3c4-c9342d8d26e6}</UniqueIdentifier>
    </Filter>
    <Filter Include="MicroEngine\temp">
      <UniqueIdentifier>{a67cc640-22e6-42f4-b563-70f240187b38}</UniqueIdentifier>
    </Filter>
    <Filter Include="MicroEngine\temp\Extensions">
      <UniqueIdentifier>{cc155037-43a3-4404-927e-8cdbb1bb76ca}</UniqueIdentifier>
    </Filter>
    <Filter Include="MicroEngine\temp\MatrixStack">
      <UniqueIdentifier>{442ad825-f79a-464c-999e-565c3aaf4140}</UniqueIdentifier>
    </Filter>
    <Filter Include="MicroEngine\temp\SHMath">
      <UniqueIdentifier>{34d33007-8aa1-47ca-a877-2b0769a45595}</UniqueIdentifier>
    </Filter>
    <Filter Include="MicroEngine\temp\Stereo3D">
      <UniqueIdentifier>{c1381867-1d3d-47dc-bf37-64a1ae596be4}</UniqueIdentifier>
    </Filter>
    <Filter Include="MicroEngine\temp\XDSP">
      <UniqueIdentifier>{635fa284-4b10-4462-a7e8-41c8774ffbab}</UniqueIdentifier>
    </Filter>
  </ItemGroup>
  <ItemGroup>
    <None Include="MicroMath.inl">
      <Filter>MicroEngine</Filter>
    </None>
    <None Include="temp\DirectXCollision.inl">
      <Filter>MicroEngine\temp</Filter>
    </None>
    <None Include="temp\DirectXMathConvert.inl">
      <Filter>MicroEngine\temp</Filter>
    </None>
    <None Include="temp\DirectXMathMatrix.inl">
      <Filter>MicroEngine\temp</Filter>
    </None>
    <None Include="temp\DirectXMathMisc.inl">
      <Filter>MicroEngine\temp</Filter>
    </None>
    <None Include="temp\DirectXMathVector.inl">
      <Filter>MicroEngine\temp</Filter>
    </None>
    <None Include="temp\DirectXPackedVector.inl">
      <Filter>MicroEngine\temp</Filter>
    </None>
    <None Include="MicroGeometry.inl">
      <Filter>MicroEngine</Filter>
    </None>
  </ItemGroup>
</Project>