<?xml version="1.0" encoding="utf-8"?>
<Project ToolsVersion="4.0" xmlns="http://schemas.microsoft.com/developer/msbuild/2003">
  <ItemGroup>
    <ClCompile Include="UnitTest.cpp" />
    <ClCompile Include="main.cpp" />
    <ClCompile Include="MicroEngine.cpp">
      <Filter>MicroEngine</Filter>
    </ClCompile>
    <ClCompile Include="MicroRender.cpp">
      <Filter>MicroEngine</Filter>
    </ClCompile>
    <ClCompile Include="MicroGraphics.cpp">
      <Filter>MicroEngine</Filter>
    </ClCompile>
    <ClCompile Include="MicroAdvance.cpp">
      <Filter>MicroEngine</Filter>
    </ClCompile>
    <ClCompile Include="MicroOpenGLLoader.cpp">
      <Filter>MicroEngine\utils</Filter>
    </ClCompile>
    <ClCompile Include="DCGameApp.cpp">
      <Filter>SimpleGame\DungeonCrawler</Filter>
    </ClCompile>
    <ClCompile Include="3DTile.cpp">
      <Filter>SimpleGame\DungeonCrawler\Framework</Filter>
    </ClCompile>
    <ClCompile Include="PlayerCamera.cpp">
      <Filter>SimpleGame\DungeonCrawler\Framework</Filter>
    </ClCompile>
  </ItemGroup>
  <ItemGroup>
    <ClInclude Include="AppConfig.h" />
    <ClInclude Include="MicroEngine.h">
      <Filter>MicroEngine</Filter>
    </ClInclude>
    <ClInclude Include="MicroRender.h">
      <Filter>MicroEngine</Filter>
    </ClInclude>
    <ClInclude Include="MicroGraphics.h">
      <Filter>MicroEngine</Filter>
    </ClInclude>
    <ClInclude Include="01_Triangle.h">
      <Filter>ExampleDemo</Filter>
    </ClInclude>
    <ClInclude Include="X_CurrentTest.h">
      <Filter>ExampleDemo</Filter>
    </ClInclude>
    <ClInclude Include="MicroAdvance.h">
      <Filter>MicroEngine</Filter>
    </ClInclude>
    <ClInclude Include="MicroOpenGLLoader.h">
      <Filter>MicroEngine\utils</Filter>
    </ClInclude>
    <ClInclude Include="02_QuadTexture.h">
      <Filter>ExampleDemo</Filter>
    </ClInclude>
    <ClInclude Include="03_ObjModel.h">
      <Filter>ExampleDemo</Filter>
    </ClInclude>
    <ClInclude Include="X_Debug.h">
      <Filter>ExampleDemo</Filter>
    </ClInclude>
    <ClInclude Include="UnitTestMath.h">
      <Filter>MicroEngine\UnitTest</Filter>
    </ClInclude>
    <ClInclude Include="X_TestFPS.h">
      <Filter>ExampleDemo</Filter>
    </ClInclude>
    <ClInclude Include="DCGameApp.h">
      <Filter>SimpleGame\DungeonCrawler</Filter>
    </ClInclude>
    <ClInclude Include="MicroCollisions.h">
      <Filter>MicroEngine\math</Filter>
    </ClInclude>
    <ClInclude Include="MicroGeometry.h">
      <Filter>MicroEngine\math</Filter>
    </ClInclude>
    <ClInclude Include="MicroMath.h">
      <Filter>MicroEngine\math</Filter>
    </ClInclude>
    <ClInclude Include="TempPhysics.h">
      <Filter>MicroEngine\math\TempPhysics</Filter>
    </ClInclude>
    <ClInclude Include="3DTile.h">
      <Filter>SimpleGame\DungeonCrawler\Framework</Filter>
    </ClInclude>
    <ClInclude Include="PlayerCamera.h">
      <Filter>SimpleGame\DungeonCrawler\Framework</Filter>
    </ClInclude>
  </ItemGroup>
  <ItemGroup>
    <Filter Include="3rdparty">
      <UniqueIdentifier>{df6fd6b1-03ed-4614-be39-f966c02ca7a4}</UniqueIdentifier>
    </Filter>
    <Filter Include="ref">
      <UniqueIdentifier>{bd6a467c-0928-46e6-8e4e-0fa4c2c74f83}</UniqueIdentifier>
    </Filter>
    <Filter Include="MicroEngine">
      <UniqueIdentifier>{7cd59890-c8f1-46ea-8abd-1e57b7ac044f}</UniqueIdentifier>
    </Filter>
    <Filter Include="ExampleDemo">
      <UniqueIdentifier>{a8b61894-ccce-4f6c-8eb7-40ea413e9b12}</UniqueIdentifier>
    </Filter>
    <Filter Include="MicroEngine\utils">
      <UniqueIdentifier>{f9feb1f4-25b5-4689-a3c4-c9342d8d26e6}</UniqueIdentifier>
    </Filter>
    <Filter Include="MicroEngine\UnitTest">
      <UniqueIdentifier>{7efbbe1e-7004-4640-a200-ce9cfc8aea12}</UniqueIdentifier>
    </Filter>
    <Filter Include="SimpleGame">
      <UniqueIdentifier>{469dbad8-0550-451a-ab88-a19a82e1b4a9}</UniqueIdentifier>
    </Filter>
    <Filter Include="SimpleGame\DungeonCrawler">
      <UniqueIdentifier>{cff1a619-6ff6-480a-8ed2-a190d463427e}</UniqueIdentifier>
    </Filter>
    <Filter Include="MicroEngine\math">
      <UniqueIdentifier>{577f23e5-8709-4d3d-998a-019b63056c76}</UniqueIdentifier>
    </Filter>
    <Filter Include="MicroEngine\math\TempPhysics">
      <UniqueIdentifier>{d248455f-b6dc-480c-9e3f-54682627e36f}</UniqueIdentifier>
    </Filter>
    <Filter Include="SimpleGame\DungeonCrawler\Framework">
      <UniqueIdentifier>{78b84503-2c6d-4a1c-9676-f51e16fa60a5}</UniqueIdentifier>
    </Filter>
    <Filter Include="SimpleGame\DungeonCrawler\Gameplay">
      <UniqueIdentifier>{2171e183-da56-454c-a489-865a8beb2bdb}</UniqueIdentifier>
    </Filter>
  </ItemGroup>
  <ItemGroup>
    <None Include="MicroCollisions.inl">
      <Filter>MicroEngine\math</Filter>
    </None>
    <None Include="MicroGeometry.inl">
      <Filter>MicroEngine\math</Filter>
    </None>
    <None Include="MicroMath.inl">
      <Filter>MicroEngine\math</Filter>
    </None>
  </ItemGroup>
</Project>