<?xml version="1.0" encoding="utf-8"?>
<Project ToolsVersion="4.0" xmlns="http://schemas.microsoft.com/developer/msbuild/2003">
  <ItemGroup>
    <ClCompile Include="UnitTest.cpp" />
    <ClCompile Include="main.cpp" />
    <ClCompile Include="MicroEngine.cpp">
      <Filter>MicroEngine</Filter>
    </ClCompile>
    <ClCompile Include="MicroRender.cpp">
      <Filter>MicroEngine</Filter>
    </ClCompile>
    <ClCompile Include="MicroGraphics.cpp">
      <Filter>MicroEngine</Filter>
    </ClCompile>
    <ClCompile Include="MicroAdvance.cpp">
      <Filter>MicroEngine</Filter>
    </ClCompile>
    <ClCompile Include="MicroOpenGLLoader.cpp">
      <Filter>MicroEngine\utils</Filter>
    </ClCompile>
  </ItemGroup>
  <ItemGroup>
    <ClInclude Include="AppConfig.h" />
    <ClInclude Include="MicroEngine.h">
      <Filter>MicroEngine</Filter>
    </ClInclude>
    <ClInclude Include="MicroGeometry.h">
      <Filter>MicroEngine</Filter>
    </ClInclude>
    <ClInclude Include="MicroRender.h">
      <Filter>MicroEngine</Filter>
    </ClInclude>
    <ClInclude Include="MicroGraphics.h">
      <Filter>MicroEngine</Filter>
    </ClInclude>
    <ClInclude Include="01_Triangle.h">
      <Filter>ExampleDemo</Filter>
    </ClInclude>
    <ClInclude Include="X_CurrentTest.h">
      <Filter>ExampleDemo</Filter>
    </ClInclude>
    <ClInclude Include="MicroAdvance.h">
      <Filter>MicroEngine</Filter>
    </ClInclude>
    <ClInclude Include="MicroOpenGLLoader.h">
      <Filter>MicroEngine\utils</Filter>
    </ClInclude>
    <ClInclude Include="02_QuadTexture.h">
      <Filter>ExampleDemo</Filter>
    </ClInclude>
    <ClInclude Include="03_ObjModel.h">
      <Filter>ExampleDemo</Filter>
    </ClInclude>
    <ClInclude Include="ExampleDemo.h" />
    <ClInclude Include="X_Debug.h">
      <Filter>ExampleDemo</Filter>
    </ClInclude>
    <ClInclude Include="MicroMath.h">
      <Filter>MicroEngine</Filter>
    </ClInclude>
    <ClInclude Include="UnitTestMath.h">
      <Filter>MicroEngine\UnitTest</Filter>
    </ClInclude>
    <ClInclude Include="X_TestFPS.h">
      <Filter>ExampleDemo</Filter>
    </ClInclude>
    <ClInclude Include="MicroCollisions.h">
      <Filter>MicroEngine</Filter>
    </ClInclude>
  </ItemGroup>
  <ItemGroup>
    <Filter Include="3rdparty">
      <UniqueIdentifier>{df6fd6b1-03ed-4614-be39-f966c02ca7a4}</UniqueIdentifier>
    </Filter>
    <Filter Include="ref">
      <UniqueIdentifier>{bd6a467c-0928-46e6-8e4e-0fa4c2c74f83}</UniqueIdentifier>
    </Filter>
    <Filter Include="MicroEngine">
      <UniqueIdentifier>{7cd59890-c8f1-46ea-8abd-1e57b7ac044f}</UniqueIdentifier>
    </Filter>
    <Filter Include="ExampleDemo">
      <UniqueIdentifier>{a8b61894-ccce-4f6c-8eb7-40ea413e9b12}</UniqueIdentifier>
    </Filter>
    <Filter Include="MicroEngine\utils">
      <UniqueIdentifier>{f9feb1f4-25b5-4689-a3c4-c9342d8d26e6}</UniqueIdentifier>
    </Filter>
    <Filter Include="MicroEngine\UnitTest">
      <UniqueIdentifier>{7efbbe1e-7004-4640-a200-ce9cfc8aea12}</UniqueIdentifier>
    </Filter>
  </ItemGroup>
  <ItemGroup>
    <None Include="MicroGeometry.inl">
      <Filter>MicroEngine</Filter>
    </None>
    <None Include="MicroMath.inl">
      <Filter>MicroEngine</Filter>
    </None>
    <None Include="MicroCollisions.inl">
      <Filter>MicroEngine</Filter>
    </None>
  </ItemGroup>
</Project>