
Microsoft Visual Studio Solution File, Format Version 12.00
# Visual Studio Version 17
VisualStudioVersion = 17.4.33213.308
MinimumVisualStudioVersion = 10.0.40219.1
Project("{8BC9CEB8-8B4A-11D0-8D11-00A0C91BC942}") = "Game", "Game\Game.vcxproj", "{27713DC0-00BF-465F-861A-FB02D02B539F}"
EndProject
Project("{2150E333-8FDC-42A3-9474-1A3956D46DE8}") = "doc", "doc", "{088018CB-1A93-45FE-9858-D1E2977390ED}"
	ProjectSection(SolutionItems) = preProject
		docMath.md = docMath.md
		..\README.md = ..\README.md
		ref.md = ref.md
		TODO.md = TODO.md
	EndProjectSection
EndProject
Global
	GlobalSection(SolutionConfigurationPlatforms) = preSolution
		Debug|x64 = Debug|x64
		Debug|x86 = Debug|x86
		Release|x64 = Release|x64
		Release|x86 = Release|x86
	EndGlobalSection
	GlobalSection(ProjectConfigurationPlatforms) = postSolution
		{27713DC0-00BF-465F-861A-FB02D02B539F}.Debug|x64.ActiveCfg = Debug|x64
		{27713DC0-00BF-465F-861A-FB02D02B539F}.Debug|x64.Build.0 = Debug|x64
		{27713DC0-00BF-465F-861A-FB02D02B539F}.Debug|x86.ActiveCfg = Debug|Win32
		{27713DC0-00BF-465F-861A-FB02D02B539F}.Debug|x86.Build.0 = Debug|Win32
		{27713DC0-00BF-465F-861A-FB02D02B539F}.Release|x64.ActiveCfg = Release|x64
		{27713DC0-00BF-465F-861A-FB02D02B539F}.Release|x64.Build.0 = Release|x64
		{27713DC0-00BF-465F-861A-FB02D02B539F}.Release|x86.ActiveCfg = Release|Win32
		{27713DC0-00BF-465F-861A-FB02D02B539F}.Release|x86.Build.0 = Release|Win32
	EndGlobalSection
	GlobalSection(SolutionProperties) = preSolution
		HideSolutionNode = FALSE
	EndGlobalSection
	GlobalSection(ExtensibilityGlobals) = postSolution
		SolutionGuid = {ED2B64A2-C9E6-4A76-8E42-ACF5247C5E97}
	EndGlobalSection
EndGlobal
